{
  "name": "lse-api",
  "lockfileVersion": 3,
  "requires": true,
  "packages": {
    "": {
      "devDependencies": {
        "@levimc-lse/types": "^2.14.1",
        "typescript": "^5.8.3"
      }
    },
    "node_modules/@levimc-lse/types": {
      "version": "2.14.1",
      "resolved": "https://registry.npmjs.org/@levimc-lse/types/-/types-2.14.1.tgz",
      "integrity": "sha512-Q5MPtILAaWor8oDCoo5hQuv0ETR3MlTz5Ao19Y88nrtHy0LYMmxfezzXQlwvCfq+f4pr/+lvrLOj97DZJtEvTw==",
      "dev": true,
      "license": "LGPL-3.0-or-later"
    },
    "node_modules/typescript": {
      "version": "5.8.3",
      "resolved": "https://registry.npmjs.org/typescript/-/typescript-5.8.3.tgz",
      "integrity": "sha512-p1diW6TqL9L07nNxvRMM7hMMw4c5XOo/1ibL4aAIGmSAt9slTE1Xgw5KWuof2uTOvCg9BY7ZRi+GaF+7sfgPeQ==",
      "dev": true,
      "license": "Apache-2.0",
      "bin": {
        "tsc": "bin/tsc",
        "tsserver": "bin/tsserver"
      },
      "engines": {
        "node": ">=14.17"
      }
    }
  }
}
